{
  "name": "BentoPay",
  "lockfileVersion": 3,
  "requires": true,
  "packages": {
    "": {
      "dependencies": {
        "@paypay/mini-app-js-sdk": "^2.65.0"
      }
    },
    "node_modules/@paypay/mini-app-js-sdk": {
      "version": "2.65.0",
      "resolved": "https://registry.npmjs.org/@paypay/mini-app-js-sdk/-/mini-app-js-sdk-2.65.0.tgz",
      "integrity": "sha512-sbAoK6iOVKYaYWlNEvpsuE+yy9acQ1j3IMYyocmV5A/YAFRF8Y7OW7hGEMNgoGEP8Hkaw8vj1iepSkKuitRfNA==",
      "license": "MIT",
      "dependencies": {
        "js-cookie": "^3.0.5"
      },
      "engines": {
        "node": ">=22.0.0"
      }
    },
    "node_modules/js-cookie": {
      "version": "3.0.7",
      "resolved": "https://registry.npmjs.org/js-cookie/-/js-cookie-3.0.7.tgz",
      "integrity": "sha512-z/wZZgDrkNV1eA0ULjM/F9/50Ya8fbzgKneSpoPsXSGd0KnpdtHfOZWK+GcwLk+EZbS4F9RBhU+K2RgzuDaItw==",
      "license": "MIT",
      "engines": {
        "node": ">=20"
      }
    }
  }
}
